
Microsoft Visual Studio Solution File, Format Version 12.00
# Visual Studio Version 17
VisualStudioVersion = 17.5.33627.172
MinimumVisualStudioVersion = 10.0.40219.1
Project("{FAE04EC0-301F-11D3-BF4B-00C04F79EFBC}") = "Group2_IT123P_MP", "Group2_IT123P_MP.csproj", "{978A3A69-345D-42F0-B37B-28C9F758DA1D}"
EndProject
Global
	GlobalSection(SolutionConfigurationPlatforms) = preSolution
		Debug|Any CPU = Debug|Any CPU
		Release|Any CPU = Release|Any CPU
	EndGlobalSection
	GlobalSection(ProjectConfigurationPlatforms) = postSolution
		{978A3A69-345D-42F0-B37B-28C9F758DA1D}.Debug|Any CPU.ActiveCfg = Debug|Any CPU
		{978A3A69-345D-42F0-B37B-28C9F758DA1D}.Debug|Any CPU.Build.0 = Debug|Any CPU
		{978A3A69-345D-42F0-B37B-28C9F758DA1D}.Debug|Any CPU.Deploy.0 = Debug|Any CPU
		{978A3A69-345D-42F0-B37B-28C9F758DA1D}.Release|Any CPU.ActiveCfg = Release|Any CPU
		{978A3A69-345D-42F0-B37B-28C9F758DA1D}.Release|Any CPU.Build.0 = Release|Any CPU
		{978A3A69-345D-42F0-B37B-28C9F758DA1D}.Release|Any CPU.Deploy.0 = Release|Any CPU
	EndGlobalSection
	GlobalSection(SolutionProperties) = preSolution
		HideSolutionNode = FALSE
	EndGlobalSection
	GlobalSection(ExtensibilityGlobals) = postSolution
		SolutionGuid = {A09778C0-1E11-48B3-BDB2-D22D16A6D160}
	EndGlobalSection
EndGlobal
